// !$*UTF8*$!
{
	archiveVersion = 1;
	classes = {
	};
	objectVersion = 50;
	objects = {

/* Begin PBXBuildFile section */
		D76D3FE02092869D00A89F5B /* AppDelegate.swift in Sources */ = {isa = PBXBuildFile; fileRef = D76D3FDF2092869D00A89F5B /* AppDelegate.swift */; };
		D76D3FE22092869D00A89F5B /* Document.swift in Sources */ = {isa = PBXBuildFile; fileRef = D76D3FE12092869D00A89F5B /* Document.swift */; };
		D76D3FE52092869D00A89F5B /* Document.xib in Resources */ = {isa = PBXBuildFile; fileRef = D76D3FE32092869D00A89F5B /* Document.xib */; };
		D76D3FE72092869F00A89F5B /* Assets.xcassets in Resources */ = {isa = PBXBuildFile; fileRef = D76D3FE62092869F00A89F5B /* Assets.xcassets */; };
		D76D3FEA209286A000A89F5B /* MainMenu.xib in Resources */ = {isa = PBXBuildFile; fileRef = D76D3FE8209286A000A89F5B /* MainMenu.xib */; };
		D76D3FF6209286A000A89F5B /* NotesTests.swift in Sources */ = {isa = PBXBuildFile; fileRef = D76D3FF5209286A000A89F5B /* NotesTests.swift */; };
		D76D4001209286A000A89F5B /* NotesUITests.swift in Sources */ = {isa = PBXBuildFile; fileRef = D76D4000209286A000A89F5B /* NotesUITests.swift */; };
/* End PBXBuildFile section */

/* Begin PBXContainerItemProxy section */
		D76D3FF2209286A000A89F5B /* PBXContainerItemProxy */ = {
			isa = PBXContainerItemProxy;
			containerPortal = D76D3FD42092869D00A89F5B /* Project object */;
			proxyType = 1;
			remoteGlobalIDString = D76D3FDB2092869D00A89F5B;
			remoteInfo = Notes;
		};
		D76D3FFD209286A000A89F5B /* PBXContainerItemProxy */ = {
			isa = PBXContainerItemProxy;
			containerPortal = D76D3FD42092869D00A89F5B /* Project object */;
			proxyType = 1;
			remoteGlobalIDString = D76D3FDB2092869D00A89F5B;
			remoteInfo = Notes;
		};
/* End PBXContainerItemProxy section */

/* Begin PBXFileReference section */
		D76D3FDC2092869D00A89F5B /* Notes.app */ = {isa = PBXFileReference; explicitFileType = wrapper.application; includeInIndex = 0; path = Notes.app; sourceTree = BUILT_PRODUCTS_DIR; };
		D76D3FDF2092869D00A89F5B /* AppDelegate.swift */ = {isa = PBXFileReference; lastKnownFileType = sourcecode.swift; path = AppDelegate.swift; sourceTree = "<group>"; };
		D76D3FE12092869D00A89F5B /* Document.swift */ = {isa = PBXFileReference; lastKnownFileType = sourcecode.swift; path = Document.swift; sourceTree = "<group>"; };
		D76D3FE42092869D00A89F5B /* Base */ = {isa = PBXFileReference; lastKnownFileType = file.xib; name = Base; path = Base.lproj/Document.xib; sourceTree = "<group>"; };
		D76D3FE62092869F00A89F5B /* Assets.xcassets */ = {isa = PBXFileReference; lastKnownFileType = folder.assetcatalog; path = Assets.xcassets; sourceTree = "<group>"; };
		D76D3FE9209286A000A89F5B /* Base */ = {isa = PBXFileReference; lastKnownFileType = file.xib; name = Base; path = Base.lproj/MainMenu.xib; sourceTree = "<group>"; };
		D76D3FEB209286A000A89F5B /* Info.plist */ = {isa = PBXFileReference; lastKnownFileType = text.plist.xml; path = Info.plist; sourceTree = "<group>"; };
		D76D3FEC209286A000A89F5B /* Notes.entitlements */ = {isa = PBXFileReference; lastKnownFileType = text.plist.entitlements; path = Notes.entitlements; sourceTree = "<group>"; };
		D76D3FF1209286A000A89F5B /* NotesTests.xctest */ = {isa = PBXFileReference; explicitFileType = wrapper.cfbundle; includeInIndex = 0; path = NotesTests.xctest; sourceTree = BUILT_PRODUCTS_DIR; };
		D76D3FF5209286A000A89F5B /* NotesTests.swift */ = {isa = PBXFileReference; lastKnownFileType = sourcecode.swift; path = NotesTests.swift; sourceTree = "<group>"; };
		D76D3FF7209286A000A89F5B /* Info.plist */ = {isa = PBXFileReference; lastKnownFileType = text.plist.xml; path = Info.plist; sourceTree = "<group>"; };
		D76D3FFC209286A000A89F5B /* NotesUITests.xctest */ = {isa = PBXFileReference; explicitFileType = wrapper.cfbundle; includeInIndex = 0; path = NotesUITests.xctest; sourceTree = BUILT_PRODUCTS_DIR; };
		D76D4000209286A000A89F5B /* NotesUITests.swift */ = {isa = PBXFileReference; lastKnownFileType = sourcecode.swift; path = NotesUITests.swift; sourceTree = "<group>"; };
		D76D4002209286A000A89F5B /* Info.plist */ = {isa = PBXFileReference; lastKnownFileType = text.plist.xml; path = Info.plist; sourceTree = "<group>"; };
/* End PBXFileReference section */

/* Begin PBXFrameworksBuildPhase section */
		D76D3FD92092869D00A89F5B /* Frameworks */ = {
			isa = PBXFrameworksBuildPhase;
			buildActionMask = 2147483647;
			files = (
			);
			runOnlyForDeploymentPostprocessing = 0;
		};
		D76D3FEE209286A000A89F5B /* Frameworks */ = {
			isa = PBXFrameworksBuildPhase;
			buildActionMask = 2147483647;
			files = (
			);
			runOnlyForDeploymentPostprocessing = 0;
		};
		D76D3FF9209286A000A89F5B /* Frameworks */ = {
			isa = PBXFrameworksBuildPhase;
			buildActionMask = 2147483647;
			files = (
			);
			runOnlyForDeploymentPostprocessing = 0;
		};
/* End PBXFrameworksBuildPhase section */

/* Begin PBXGroup section */
		D76D3FD32092869D00A89F5B = {
			isa = PBXGroup;
			children = (
				D76D3FDE2092869D00A89F5B /* Notes */,
				D76D3FF4209286A000A89F5B /* NotesTests */,
				D76D3FFF209286A000A89F5B /* NotesUITests */,
				D76D3FDD2092869D00A89F5B /* Products */,
			);
			sourceTree = "<group>";
		};
		D76D3FDD2092869D00A89F5B /* Products */ = {
			isa = PBXGroup;
			children = (
				D76D3FDC2092869D00A89F5B /* Notes.app */,
				D76D3FF1209286A000A89F5B /* NotesTests.xctest */,
				D76D3FFC209286A000A89F5B /* NotesUITests.xctest */,
			);
			name = Products;
			sourceTree = "<group>";
		};
		D76D3FDE2092869D00A89F5B /* Notes */ = {
			isa = PBXGroup;
			children = (
				D76D3FDF2092869D00A89F5B /* AppDelegate.swift */,
				D76D3FE12092869D00A89F5B /* Document.swift */,
				D76D3FE32092869D00A89F5B /* Document.xib */,
				D76D3FE62092869F00A89F5B /* Assets.xcassets */,
				D76D3FE8209286A000A89F5B /* MainMenu.xib */,
				D76D3FEB209286A000A89F5B /* Info.plist */,
				D76D3FEC209286A000A89F5B /* Notes.entitlements */,
			);
			path = Notes;
			sourceTree = "<group>";
		};
		D76D3FF4209286A000A89F5B /* NotesTests */ = {
			isa = PBXGroup;
			children = (
				D76D3FF5209286A000A89F5B /* NotesTests.swift */,
				D76D3FF7209286A000A89F5B /* Info.plist */,
			);
			path = NotesTests;
			sourceTree = "<group>";
		};
		D76D3FFF209286A000A89F5B /* NotesUITests */ = {
			isa = PBXGroup;
			children = (
				D76D4000209286A000A89F5B /* NotesUITests.swift */,
				D76D4002209286A000A89F5B /* Info.plist */,
			);
			path = NotesUITests;
			sourceTree = "<group>";
		};
/* End PBXGroup section */

/* Begin PBXNativeTarget section */
		D76D3FDB2092869D00A89F5B /* Notes */ = {
			isa = PBXNativeTarget;
			buildConfigurationList = D76D4005209286A000A89F5B /* Build configuration list for PBXNativeTarget "Notes" */;
			buildPhases = (
				D76D3FD82092869D00A89F5B /* Sources */,
				D76D3FD92092869D00A89F5B /* Frameworks */,
				D76D3FDA2092869D00A89F5B /* Resources */,
			);
			buildRules = (
			);
			dependencies = (
			);
			name = Notes;
			productName = Notes;
			productReference = D76D3FDC2092869D00A89F5B /* Notes.app */;
			productType = "com.apple.product-type.application";
		};
		D76D3FF0209286A000A89F5B /* NotesTests */ = {
			isa = PBXNativeTarget;
			buildConfigurationList = D76D4008209286A000A89F5B /* Build configuration list for PBXNativeTarget "NotesTests" */;
			buildPhases = (
				D76D3FED209286A000A89F5B /* Sources */,
				D76D3FEE209286A000A89F5B /* Frameworks */,
				D76D3FEF209286A000A89F5B /* Resources */,
			);
			buildRules = (
			);
			dependencies = (
				D76D3FF3209286A000A89F5B /* PBXTargetDependency */,
			);
			name = NotesTests;
			productName = NotesTests;
			productReference = D76D3FF1209286A000A89F5B /* NotesTests.xctest */;
			productType = "com.apple.product-type.bundle.unit-test";
		};
		D76D3FFB209286A000A89F5B /* NotesUITests */ = {
			isa = PBXNativeTarget;
			buildConfigurationList = D76D400B209286A000A89F5B /* Build configuration list for PBXNativeTarget "NotesUITests" */;
			buildPhases = (
				D76D3FF8209286A000A89F5B /* Sources */,
				D76D3FF9209286A000A89F5B /* Frameworks */,
				D76D3FFA209286A000A89F5B /* Resources */,
			);
			buildRules = (
			);
			dependencies = (
				D76D3FFE209286A000A89F5B /* PBXTargetDependency */,
			);
			name = NotesUITests;
			productName = NotesUITests;
			productReference = D76D3FFC209286A000A89F5B /* NotesUITests.xctest */;
			productType = "com.apple.product-type.bundle.ui-testing";
		};
/* End PBXNativeTarget section */

/* Begin PBXProject section */
		D76D3FD42092869D00A89F5B /* Project object */ = {
			isa = PBXProject;
			attributes = {
				LastSwiftUpdateCheck = 0930;
				LastUpgradeCheck = 0930;
				ORGANIZATIONNAME = "Tyshan Prince";
				TargetAttributes = {
					D76D3FDB2092869D00A89F5B = {
						CreatedOnToolsVersion = 9.3;
					};
					D76D3FF0209286A000A89F5B = {
						CreatedOnToolsVersion = 9.3;
						TestTargetID = D76D3FDB2092869D00A89F5B;
					};
					D76D3FFB209286A000A89F5B = {
						CreatedOnToolsVersion = 9.3;
						TestTargetID = D76D3FDB2092869D00A89F5B;
					};
				};
			};
			buildConfigurationList = D76D3FD72092869D00A89F5B /* Build configuration list for PBXProject "Notes" */;
			compatibilityVersion = "Xcode 9.3";
			developmentRegion = en;
			hasScannedForEncodings = 0;
			knownRegions = (
				en,
				Base,
			);
			mainGroup = D76D3FD32092869D00A89F5B;
			productRefGroup = D76D3FDD2092869D00A89F5B /* Products */;
			projectDirPath = "";
			projectRoot = "";
			targets = (
				D76D3FDB2092869D00A89F5B /* Notes */,
				D76D3FF0209286A000A89F5B /* NotesTests */,
				D76D3FFB209286A000A89F5B /* NotesUITests */,
			);
		};
/* End PBXProject section */

/* Begin PBXResourcesBuildPhase section */
		D76D3FDA2092869D00A89F5B /* Resources */ = {
			isa = PBXResourcesBuildPhase;
			buildActionMask = 2147483647;
			files = (
				D76D3FE72092869F00A89F5B /* Assets.xcassets in Resources */,
				D76D3FE52092869D00A89F5B /* Document.xib in Resources */,
				D76D3FEA209286A000A89F5B /* MainMenu.xib in Resources */,
			);
			runOnlyForDeploymentPostprocessing = 0;
		};
		D76D3FEF209286A000A89F5B /* Resources */ = {
			isa = PBXResourcesBuildPhase;
			buildActionMask = 2147483647;
			files = (
			);
			runOnlyForDeploymentPostprocessing = 0;
		};
		D76D3FFA209286A000A89F5B /* Resources */ = {
			isa = PBXResourcesBuildPhase;
			buildActionMask = 2147483647;
			files = (
			);
			runOnlyForDeploymentPostprocessing = 0;
		};
/* End PBXResourcesBuildPhase section */

/* Begin PBXSourcesBuildPhase section */
		D76D3FD82092869D00A89F5B /* Sources */ = {
			isa = PBXSourcesBuildPhase;
			buildActionMask = 2147483647;
			files = (
				D76D3FE22092869D00A89F5B /* Document.swift in Sources */,
				D76D3FE02092869D00A89F5B /* AppDelegate.swift in Sources */,
			);
			runOnlyForDeploymentPostprocessing = 0;
		};
		D76D3FED209286A000A89F5B /* Sources */ = {
			isa = PBXSourcesBuildPhase;
			buildActionMask = 2147483647;
			files = (
				D76D3FF6209286A000A89F5B /* NotesTests.swift in Sources */,
			);
			runOnlyForDeploymentPostprocessing = 0;
		};
		D76D3FF8209286A000A89F5B /* Sources */ = {
			isa = PBXSourcesBuildPhase;
			buildActionMask = 2147483647;
			files = (
				D76D4001209286A000A89F5B /* NotesUITests.swift in Sources */,
			);
			runOnlyForDeploymentPostprocessing = 0;
		};
/* End PBXSourcesBuildPhase section */

/* Begin PBXTargetDependency section */
		D76D3FF3209286A000A89F5B /* PBXTargetDependency */ = {
			isa = PBXTargetDependency;
			target = D76D3FDB2092869D00A89F5B /* Notes */;
			targetProxy = D76D3FF2209286A000A89F5B /* PBXContainerItemProxy */;
		};
		D76D3FFE209286A000A89F5B /* PBXTargetDependency */ = {
			isa = PBXTargetDependency;
			target = D76D3FDB2092869D00A89F5B /* Notes */;
			targetProxy = D76D3FFD209286A000A89F5B /* PBXContainerItemProxy */;
		};
/* End PBXTargetDependency section */

/* Begin PBXVariantGroup section */
		D76D3FE32092869D00A89F5B /* Document.xib */ = {
			isa = PBXVariantGroup;
			children = (
				D76D3FE42092869D00A89F5B /* Base */,
			);
			name = Document.xib;
			sourceTree = "<group>";
		};
		D76D3FE8209286A000A89F5B /* MainMenu.xib */ = {
			isa = PBXVariantGroup;
			children = (
				D76D3FE9209286A000A89F5B /* Base */,
			);
			name = MainMenu.xib;
			sourceTree = "<group>";
		};
/* End PBXVariantGroup section */

/* Begin XCBuildConfiguration section */
		D76D4003209286A000A89F5B /* Debug */ = {
			isa = XCBuildConfiguration;
			buildSettings = {
				ALWAYS_SEARCH_USER_PATHS = NO;
				CLANG_ANALYZER_NONNULL = YES;
				CLANG_ANALYZER_NUMBER_OBJECT_CONVERSION = YES_AGGRESSIVE;
				CLANG_CXX_LANGUAGE_STANDARD = "gnu++14";
				CLANG_CXX_LIBRARY = "libc++";
				CLANG_ENABLE_MODULES = YES;
				CLANG_ENABLE_OBJC_ARC = YES;
				CLANG_ENABLE_OBJC_WEAK = YES;
				CLANG_WARN_BLOCK_CAPTURE_AUTORELEASING = YES;
				CLANG_WARN_BOOL_CONVERSION = YES;
				CLANG_WARN_COMMA = YES;
				CLANG_WARN_CONSTANT_CONVERSION = YES;
				CLANG_WARN_DEPRECATED_OBJC_IMPLEMENTATIONS = YES;
				CLANG_WARN_DIRECT_OBJC_ISA_USAGE = YES_ERROR;
				CLANG_WARN_DOCUMENTATION_COMMENTS = YES;
				CLANG_WARN_EMPTY_BODY = YES;
				CLANG_WARN_ENUM_CONVERSION = YES;
				CLANG_WARN_INFINITE_RECURSION = YES;
				CLANG_WARN_INT_CONVERSION = YES;
				CLANG_WARN_NON_LITERAL_NULL_CONVERSION = YES;
				CLANG_WARN_OBJC_IMPLICIT_RETAIN_SELF = YES;
				CLANG_WARN_OBJC_LITERAL_CONVERSION = YES;
				CLANG_WARN_OBJC_ROOT_CLASS = YES_ERROR;
				CLANG_WARN_RANGE_LOOP_ANALYSIS = YES;
				CLANG_WARN_STRICT_PROTOTYPES = YES;
				CLANG_WARN_SUSPICIOUS_MOVE = YES;
				CLANG_WARN_UNGUARDED_AVAILABILITY = YES_AGGRESSIVE;
				CLANG_WARN_UNREACHABLE_CODE = YES;
				CLANG_WARN__DUPLICATE_METHOD_MATCH = YES;
				CODE_SIGN_IDENTITY = "-";
				COPY_PHASE_STRIP = NO;
				DEBUG_INFORMATION_FORMAT = dwarf;
				ENABLE_STRICT_OBJC_MSGSEND = YES;
				ENABLE_TESTABILITY = YES;
				GCC_C_LANGUAGE_STANDARD = gnu11;
				GCC_DYNAMIC_NO_PIC = NO;
				GCC_NO_COMMON_BLOCKS = YES;
				GCC_OPTIMIZATION_LEVEL = 0;
				GCC_PREPROCESSOR_DEFINITIONS = (
					"DEBUG=1",
					"$(inherited)",
				);
				GCC_WARN_64_TO_32_BIT_CONVERSION = YES;
				GCC_WARN_ABOUT_RETURN_TYPE = YES_ERROR;
				GCC_WARN_UNDECLARED_SELECTOR = YES;
				GCC_WARN_UNINITIALIZED_AUTOS = YES_AGGRESSIVE;
				GCC_WARN_UNUSED_FUNCTION = YES;
				GCC_WARN_UNUSED_VARIABLE = YES;
				MACOSX_DEPLOYMENT_TARGET = 10.13;
				MTL_ENABLE_DEBUG_INFO = YES;
				ONLY_ACTIVE_ARCH = YES;
				SDKROOT = macosx;
				SWIFT_ACTIVE_COMPILATION_CONDITIONS = DEBUG;
				SWIFT_OPTIMIZATION_LEVEL = "-Onone";
			};
			name = Debug;
		};
		D76D4004209286A000A89F5B /* Release */ = {
			isa = XCBuildConfiguration;
			buildSettings = {
				ALWAYS_SEARCH_USER_PATHS = NO;
				CLANG_ANALYZER_NONNULL = YES;
				CLANG_ANALYZER_NUMBER_OBJECT_CONVERSION = YES_AGGRESSIVE;
				CLANG_CXX_LANGUAGE_STANDARD = "gnu++14";
				CLANG_CXX_LIBRARY = "libc++";
				CLANG_ENABLE_MODULES = YES;
				CLANG_ENABLE_OBJC_ARC = YES;
				CLANG_ENABLE_OBJC_WEAK = YES;
				CLANG_WARN_BLOCK_CAPTURE_AUTORELEASING = YES;
				CLANG_WARN_BOOL_CONVERSION = YES;
				CLANG_WARN_COMMA = YES;
				CLANG_WARN_CONSTANT_CONVERSION = YES;
				CLANG_WARN_DEPRECATED_OBJC_IMPLEMENTATIONS = YES;
				CLANG_WARN_DIRECT_OBJC_ISA_USAGE = YES_ERROR;
				CLANG_WARN_DOCUMENTATION_COMMENTS = YES;
				CLANG_WARN_EMPTY_BODY = YES;
				CLANG_WARN_ENUM_CONVERSION = YES;
				CLANG_WARN_INFINITE_RECURSION = YES;
				CLANG_WARN_INT_CONVERSION = YES;
				CLANG_WARN_NON_LITERAL_NULL_CONVERSION = YES;
				CLANG_WARN_OBJC_IMPLICIT_RETAIN_SELF = YES;
				CLANG_WARN_OBJC_LITERAL_CONVERSION = YES;
				CLANG_WARN_OBJC_ROOT_CLASS = YES_ERROR;
				CLANG_WARN_RANGE_LOOP_ANALYSIS = YES;
				CLANG_WARN_STRICT_PROTOTYPES = YES;
				CLANG_WARN_SUSPICIOUS_MOVE = YES;
				CLANG_WARN_UNGUARDED_AVAILABILITY = YES_AGGRESSIVE;
				CLANG_WARN_UNREACHABLE_CODE = YES;
				CLANG_WARN__DUPLICATE_METHOD_MATCH = YES;
				CODE_SIGN_IDENTITY = "-";
				COPY_PHASE_STRIP = NO;
				DEBUG_INFORMATION_FORMAT = "dwarf-with-dsym";
				ENABLE_NS_ASSERTIONS = NO;
				ENABLE_STRICT_OBJC_MSGSEND = YES;
				GCC_C_LANGUAGE_STANDARD = gnu11;
				GCC_NO_COMMON_BLOCKS = YES;
				GCC_WARN_64_TO_32_BIT_CONVERSION = YES;
				GCC_WARN_ABOUT_RETURN_TYPE = YES_ERROR;
				GCC_WARN_UNDECLARED_SELECTOR = YES;
				GCC_WARN_UNINITIALIZED_AUTOS = YES_AGGRESSIVE;
				GCC_WARN_UNUSED_FUNCTION = YES;
				GCC_WARN_UNUSED_VARIABLE = YES;
				MACOSX_DEPLOYMENT_TARGET = 10.13;
				MTL_ENABLE_DEBUG_INFO = NO;
				SDKROOT = macosx;
				SWIFT_COMPILATION_MODE = wholemodule;
				SWIFT_OPTIMIZATION_LEVEL = "-O";
			};
			name = Release;
		};
		D76D4006209286A000A89F5B /* Debug */ = {
			isa = XCBuildConfiguration;
			buildSettings = {
				ASSETCATALOG_COMPILER_APPICON_NAME = AppIcon;
				CODE_SIGN_ENTITLEMENTS = Notes/Notes.entitlements;
				CODE_SIGN_STYLE = Automatic;
				COMBINE_HIDPI_IMAGES = YES;
				INFOPLIST_FILE = Notes/Info.plist;
				LD_RUNPATH_SEARCH_PATHS = (
					"$(inherited)",
					"@executable_path/../Frameworks",
				);
				PRODUCT_BUNDLE_IDENTIFIER = com.TyshanPrinceApps.Notes;
				PRODUCT_NAME = "$(TARGET_NAME)";
				SWIFT_VERSION = 4.0;
			};
			name = Debug;
		};
		D76D4007209286A000A89F5B /* Release */ = {
			isa = XCBuildConfiguration;
			buildSettings = {
				ASSETCATALOG_COMPILER_APPICON_NAME = AppIcon;
				CODE_SIGN_ENTITLEMENTS = Notes/Notes.entitlements;
				CODE_SIGN_STYLE = Automatic;
				COMBINE_HIDPI_IMAGES = YES;
				INFOPLIST_FILE = Notes/Info.plist;
				LD_RUNPATH_SEARCH_PATHS = (
					"$(inherited)",
					"@executable_path/../Frameworks",
				);
				PRODUCT_BUNDLE_IDENTIFIER = com.TyshanPrinceApps.Notes;
				PRODUCT_NAME = "$(TARGET_NAME)";
				SWIFT_VERSION = 4.0;
			};
			name = Release;
		};
		D76D4009209286A000A89F5B /* Debug */ = {
			isa = XCBuildConfiguration;
			buildSettings = {
				ALWAYS_EMBED_SWIFT_STANDARD_LIBRARIES = YES;
				BUNDLE_LOADER = "$(TEST_HOST)";
				CODE_SIGN_STYLE = Automatic;
				COMBINE_HIDPI_IMAGES = YES;
				INFOPLIST_FILE = NotesTests/Info.plist;
				LD_RUNPATH_SEARCH_PATHS = (
					"$(inherited)",
					"@executable_path/../Frameworks",
					"@loader_path/../Frameworks",
				);
				PRODUCT_BUNDLE_IDENTIFIER = com.TyshanPrinceApps.NotesTests;
				PRODUCT_NAME = "$(TARGET_NAME)";
				SWIFT_VERSION = 4.0;
				TEST_HOST = "$(BUILT_PRODUCTS_DIR)/Notes.app/Contents/MacOS/Notes";
			};
			name = Debug;
		};
		D76D400A209286A000A89F5B /* Release */ = {
			isa = XCBuildConfiguration;
			buildSettings = {
				ALWAYS_EMBED_SWIFT_STANDARD_LIBRARIES = YES;
				BUNDLE_LOADER = "$(TEST_HOST)";
				CODE_SIGN_STYLE = Automatic;
				COMBINE_HIDPI_IMAGES = YES;
				INFOPLIST_FILE = NotesTests/Info.plist;
				LD_RUNPATH_SEARCH_PATHS = (
					"$(inherited)",
					"@executable_path/../Frameworks",
					"@loader_path/../Frameworks",
				);
				PRODUCT_BUNDLE_IDENTIFIER = com.TyshanPrinceApps.NotesTests;
				PRODUCT_NAME = "$(TARGET_NAME)";
				SWIFT_VERSION = 4.0;
				TEST_HOST = "$(BUILT_PRODUCTS_DIR)/Notes.app/Contents/MacOS/Notes";
			};
			name = Release;
		};
		D76D400C209286A000A89F5B /* Debug */ = {
			isa = XCBuildConfiguration;
			buildSettings = {
				ALWAYS_EMBED_SWIFT_STANDARD_LIBRARIES = YES;
				CODE_SIGN_STYLE = Automatic;
				COMBINE_HIDPI_IMAGES = YES;
				INFOPLIST_FILE = NotesUITests/Info.plist;
				LD_RUNPATH_SEARCH_PATHS = (
					"$(inherited)",
					"@executable_path/../Frameworks",
					"@loader_path/../Frameworks",
				);
				PRODUCT_BUNDLE_IDENTIFIER = com.TyshanPrinceApps.NotesUITests;
				PRODUCT_NAME = "$(TARGET_NAME)";
				SWIFT_VERSION = 4.0;
				TEST_TARGET_NAME = Notes;
			};
			name = Debug;
		};
		D76D400D209286A000A89F5B /* Release */ = {
			isa = XCBuildConfiguration;
			buildSettings = {
				ALWAYS_EMBED_SWIFT_STANDARD_LIBRARIES = YES;
				CODE_SIGN_STYLE = Automatic;
				COMBINE_HIDPI_IMAGES = YES;
				INFOPLIST_FILE = NotesUITests/Info.plist;
				LD_RUNPATH_SEARCH_PATHS = (
					"$(inherited)",
					"@executable_path/../Frameworks",
					"@loader_path/../Frameworks",
				);
				PRODUCT_BUNDLE_IDENTIFIER = com.TyshanPrinceApps.NotesUITests;
				PRODUCT_NAME = "$(TARGET_NAME)";
				SWIFT_VERSION = 4.0;
				TEST_TARGET_NAME = Notes;
			};
			name = Release;
		};
/* End XCBuildConfiguration section */

/* Begin XCConfigurationList section */
		D76D3FD72092869D00A89F5B /* Build configuration list for PBXProject "Notes" */ = {
			isa = XCConfigurationList;
			buildConfigurations = (
				D76D4003209286A000A89F5B /* Debug */,
				D76D4004209286A000A89F5B /* Release */,
			);
			defaultConfigurationIsVisible = 0;
			defaultConfigurationName = Release;
		};
		D76D4005209286A000A89F5B /* Build configuration list for PBXNativeTarget "Notes" */ = {
			isa = XCConfigurationList;
			buildConfigurations = (
				D76D4006209286A000A89F5B /* Debug */,
				D76D4007209286A000A89F5B /* Release */,
			);
			defaultConfigurationIsVisible = 0;
			defaultConfigurationName = Release;
		};
		D76D4008209286A000A89F5B /* Build configuration list for PBXNativeTarget "NotesTests" */ = {
			isa = XCConfigurationList;
			buildConfigurations = (
				D76D4009209286A000A89F5B /* Debug */,
				D76D400A209286A000A89F5B /* Release */,
			);
			defaultConfigurationIsVisible = 0;
			defaultConfigurationName = Release;
		};
		D76D400B209286A000A89F5B /* Build configuration list for PBXNativeTarget "NotesUITests" */ = {
			isa = XCConfigurationList;
			buildConfigurations = (
				D76D400C209286A000A89F5B /* Debug */,
				D76D400D209286A000A89F5B /* Release */,
			);
			defaultConfigurationIsVisible = 0;
			defaultConfigurationName = Release;
		};
/* End XCConfigurationList section */
	};
	rootObject = D76D3FD42092869D00A89F5B /* Project object */;
}
